# THIS IS AN AUTOGENERATED FILE. DO NOT EDIT THIS FILE DIRECTLY.
# yarn lockfile v1


"abbrev@~1.0.9", "abbrev@1":
  "version" "1.0.9"

"ansi-regex@*", "ansi-regex@^2.0.0":
  "version" "2.0.0"

"ansi-styles@^2.2.1":
  "version" "2.2.1"

"ansi@^0.3.0", "ansi@~0.3.1":
  "version" "0.3.1"

"ansicolors@~0.3.2":
  "version" "0.3.2"

"ansistyles@~0.1.3":
  "version" "0.1.3"

"archy@~1.0.0":
  "version" "1.0.0"

"are-we-there-yet@~1.1.2":
  "version" "1.1.2"
  dependencies:
    "delegates" "^1.0.0"
    "readable-stream" "^2.0.0 || ^1.1.13"

"asap@^2.0.0":
  "version" "2.0.3"

"asn1@~0.2.3":
  "version" "0.2.3"

"assert-plus@^0.2.0":
  "version" "0.2.0"

"assert-plus@^1.0.0":
  "version" "1.0.0"

"async-some@~1.0.2":
  "version" "1.0.2"
  dependencies:
    "dezalgo" "^1.0.2"

"async@^1.5.2":
  "version" "1.5.2"

"asynckit@^0.4.0":
  "integrity" "sha1-x57Zf380y48robyXkLzDZkdLS3k="
  "resolved" "https://registry.npmjs.org/asynckit/-/asynckit-0.4.0.tgz"
  "version" "0.4.0"

"aws-sign2@~0.6.0":
  "version" "0.6.0"

"aws4@^1.2.1":
  "version" "1.4.1"

"axios@^0.27.2":
  "integrity" "sha512-t+yRIyySRTp/wua5xEr+z1q60QmLq8ABsS5O9Me1AsE5dfKqgnCFzwiCZZ/cGNd1lq4/7akDWMxdhVlucjmnOQ=="
  "resolved" "https://registry.npmjs.org/axios/-/axios-0.27.2.tgz"
  "version" "0.27.2"
  dependencies:
    "follow-redirects" "^1.14.9"
    "form-data" "^4.0.0"

"balanced-match@^0.4.1":
  "version" "0.4.2"

"bl@~1.1.2":
  "version" "1.1.2"
  dependencies:
    "readable-stream" "~2.0.5"

"block-stream@*", "block-stream@0.0.9":
  "version" "0.0.9"
  dependencies:
    "inherits" "~2.0.0"

"boom@2.x.x":
  "version" "2.10.1"
  dependencies:
    "hoek" "2.x.x"

"brace-expansion@^1.0.0":
  "version" "1.1.6"
  dependencies:
    "balanced-match" "^0.4.1"
    "concat-map" "0.0.1"

"buffer-shims@^1.0.0":
  "version" "1.0.0"

"builtin-modules@^1.0.0":
  "version" "1.1.0"

"builtins@0.0.7":
  "version" "0.0.7"

"caseless@~0.11.0":
  "version" "0.11.0"

"chalk@^1.1.1":
  "version" "1.1.3"
  dependencies:
    "ansi-styles" "^2.2.1"
    "escape-string-regexp" "^1.0.2"
    "has-ansi" "^2.0.0"
    "strip-ansi" "^3.0.0"
    "supports-color" "^2.0.0"

"char-spinner@~1.0.1":
  "version" "1.0.1"

"chmodr@~1.0.2":
  "version" "1.0.2"

"chownr@~1.0.1":
  "version" "1.0.1"

"clone@^1.0.2":
  "version" "1.0.2"

"cmd-shim@~2.0.2":
  "version" "2.0.2"
  dependencies:
    "graceful-fs" "^4.1.2"
    "mkdirp" "~0.5.0"

"columnify@~1.5.4":
  "version" "1.5.4"
  dependencies:
    "strip-ansi" "^3.0.0"
    "wcwidth" "^1.0.0"

"combined-stream@^1.0.5", "combined-stream@~1.0.5":
  "version" "1.0.5"
  dependencies:
    "delayed-stream" "~1.0.0"

"combined-stream@^1.0.8":
  "integrity" "sha512-FQN4MRfuJeHf7cBbBMJFXhKSDq+2kAArBlmRBvcvFE5BB1HZKXtSFASDhdlz9zOYwxh8lDdnvmMOe/+5cdoEdg=="
  "resolved" "https://registry.npmjs.org/combined-stream/-/combined-stream-1.0.8.tgz"
  "version" "1.0.8"
  dependencies:
    "delayed-stream" "~1.0.0"

"commander@^2.9.0":
  "version" "2.9.0"
  dependencies:
    "graceful-readlink" ">= 1.0.0"

"concat-map@0.0.1":
  "version" "0.0.1"

"concat-stream@^1.5.2":
  "version" "1.5.2"
  dependencies:
    "inherits" "~2.0.1"
    "readable-stream" "~2.0.0"
    "typedarray" "~0.0.5"

"config-chain@~1.1.10":
  "version" "1.1.10"
  dependencies:
    "ini" "^1.3.4"
    "proto-list" "~1.2.1"

"core-util-is@~1.0.0":
  "version" "1.0.2"

"cryptiles@2.x.x":
  "version" "2.0.5"
  dependencies:
    "boom" "2.x.x"

"dashdash@^1.12.0":
  "version" "1.14.0"
  dependencies:
    "assert-plus" "^1.0.0"

"debuglog@^1.0.1":
  "version" "1.0.1"

"defaults@^1.0.0":
  "version" "1.0.3"
  dependencies:
    "clone" "^1.0.2"

"delayed-stream@~1.0.0":
  "integrity" "sha1-3zrhmayt+31ECqrgsp4icrJOxhk="
  "resolved" "https://registry.npmjs.org/delayed-stream/-/delayed-stream-1.0.0.tgz"
  "version" "1.0.0"

"delegates@^1.0.0":
  "version" "1.0.0"

"dezalgo@^1.0.0", "dezalgo@^1.0.1", "dezalgo@^1.0.2", "dezalgo@~1.0.3":
  "version" "1.0.3"
  dependencies:
    "asap" "^2.0.0"
    "wrappy" "1"

"ecc-jsbn@~0.1.1":
  "version" "0.1.1"
  dependencies:
    "jsbn" "~0.1.0"

"editor@~1.0.0":
  "version" "1.0.0"

"escape-string-regexp@^1.0.2":
  "version" "1.0.5"

"extend@~3.0.0":
  "version" "3.0.0"

"extsprintf@1.0.2":
  "version" "1.0.2"

"follow-redirects@^1.14.9":
  "integrity" "sha512-MQDfihBQYMcyy5dhRDJUHcw7lb2Pv/TuE6xP1vyraLukNDHKbDxDNaOE3NbCAdKQApno+GPRyo1YAp89yCjK4w=="
  "resolved" "https://registry.npmjs.org/follow-redirects/-/follow-redirects-1.14.9.tgz"
  "version" "1.14.9"

"forever-agent@~0.6.1":
  "version" "0.6.1"

"form-data@^4.0.0":
  "integrity" "sha512-ETEklSGi5t0QMZuiXoA/Q6vcnxcLQP5vdugSpuAyi6SVGi2clPPp+xgEhuMaHC+zGgn31Kd235W35f7Hykkaww=="
  "resolved" "https://registry.npmjs.org/form-data/-/form-data-4.0.0.tgz"
  "version" "4.0.0"
  dependencies:
    "asynckit" "^0.4.0"
    "combined-stream" "^1.0.8"
    "mime-types" "^2.1.12"

"form-data@~1.0.0-rc4":
  "version" "1.0.0-rc4"
  dependencies:
    "async" "^1.5.2"
    "combined-stream" "^1.0.5"
    "mime-types" "^2.1.10"

"fs-vacuum@~1.2.9":
  "version" "1.2.9"
  dependencies:
    "graceful-fs" "^4.1.2"
    "path-is-inside" "^1.0.1"
    "rimraf" "^2.5.2"

"fs-write-stream-atomic@~1.0.8":
  "version" "1.0.8"
  dependencies:
    "graceful-fs" "^4.1.2"
    "iferr" "^0.1.5"
    "imurmurhash" "^0.1.4"
    "readable-stream" "1 || 2"

"fs.realpath@^1.0.0":
  "version" "1.0.0"

"fstream-ignore@^1.0.0":
  "version" "1.0.5"
  dependencies:
    "fstream" "^1.0.0"
    "inherits" "2"
    "minimatch" "^3.0.0"

"fstream-npm@~1.1.1":
  "version" "1.1.1"
  dependencies:
    "fstream-ignore" "^1.0.0"
    "inherits" "2"

"fstream@^1.0.0", "fstream@^1.0.2", "fstream@~1.0.10":
  "version" "1.0.10"
  dependencies:
    "graceful-fs" "^4.1.2"
    "inherits" "~2.0.0"
    "mkdirp" ">=0.5 0"
    "rimraf" "2"

"gauge@~1.2.5":
  "version" "1.2.7"
  dependencies:
    "ansi" "^0.3.0"
    "has-unicode" "^2.0.0"
    "lodash.pad" "^4.1.0"
    "lodash.padend" "^4.1.0"
    "lodash.padstart" "^4.1.0"

"generate-function@^2.0.0":
  "version" "2.0.0"

"generate-object-property@^1.1.0":
  "version" "1.2.0"
  dependencies:
    "is-property" "^1.0.0"

"getpass@^0.1.1":
  "version" "0.1.6"
  dependencies:
    "assert-plus" "^1.0.0"

"github-url-from-git@~1.4.0":
  "version" "1.4.0"

"github-url-from-username-repo@~1.0.2":
  "version" "1.0.2"

"glob@^6.0.0":
  "version" "6.0.4"
  dependencies:
    "inflight" "^1.0.4"
    "inherits" "2"
    "minimatch" "2 || 3"
    "once" "^1.3.0"
    "path-is-absolute" "^1.0.0"

"glob@^7.0.3", "glob@^7.0.5", "glob@~7.0.6":
  "version" "7.0.6"
  dependencies:
    "fs.realpath" "^1.0.0"
    "inflight" "^1.0.4"
    "inherits" "2"
    "minimatch" "^3.0.2"
    "once" "^1.3.0"
    "path-is-absolute" "^1.0.0"

"graceful-fs@^4.1.2", "graceful-fs@^4.1.6", "graceful-fs@~4.1.6":
  "version" "4.1.6"

"graceful-readlink@>= 1.0.0":
  "version" "1.0.1"

"har-validator@~2.0.6":
  "version" "2.0.6"
  dependencies:
    "chalk" "^1.1.1"
    "commander" "^2.9.0"
    "is-my-json-valid" "^2.12.4"
    "pinkie-promise" "^2.0.0"

"has-ansi@^2.0.0":
  "version" "2.0.0"
  dependencies:
    "ansi-regex" "^2.0.0"

"has-unicode@^2.0.0":
  "version" "2.0.0"

"hawk@~3.1.3":
  "version" "3.1.3"
  dependencies:
    "boom" "2.x.x"
    "cryptiles" "2.x.x"
    "hoek" "2.x.x"
    "sntp" "1.x.x"

"hoek@2.x.x":
  "version" "2.16.3"

"hosted-git-info@^2.1.4", "hosted-git-info@~2.1.5":
  "version" "2.1.5"

"http-signature@~1.1.0":
  "version" "1.1.1"
  dependencies:
    "assert-plus" "^0.2.0"
    "jsprim" "^1.2.2"
    "sshpk" "^1.7.0"

"iferr@^0.1.5":
  "version" "0.1.5"

"imurmurhash@*", "imurmurhash@^0.1.4":
  "version" "0.1.4"

"inflight@^1.0.4", "inflight@~1.0.4":
  "version" "1.0.5"
  dependencies:
    "once" "^1.3.0"
    "wrappy" "1"

"inherits@~2.0.0", "inherits@~2.0.1", "inherits@~2.0.3", "inherits@2":
  "version" "2.0.3"

"ini@^1.3.4", "ini@~1.3.4":
  "version" "1.3.4"

"init-package-json@~1.9.4":
  "version" "1.9.4"
  dependencies:
    "glob" "^6.0.0"
    "npm-package-arg" "^4.0.0"
    "promzard" "^0.3.0"
    "read" "~1.0.1"
    "read-package-json" "1 || 2"
    "semver" "2.x || 3.x || 4 || 5"
    "validate-npm-package-license" "^3.0.1"
    "validate-npm-package-name" "^2.0.1"

"is-builtin-module@^1.0.0":
  "version" "1.0.0"
  dependencies:
    "builtin-modules" "^1.0.0"

"is-my-json-valid@^2.12.4":
  "version" "2.13.1"
  dependencies:
    "generate-function" "^2.0.0"
    "generate-object-property" "^1.1.0"
    "jsonpointer" "2.0.0"
    "xtend" "^4.0.0"

"is-property@^1.0.0":
  "version" "1.0.2"

"is-typedarray@~1.0.0":
  "version" "1.0.0"

"isarray@~1.0.0":
  "version" "1.0.0"

"isarray@0.0.1":
  "version" "0.0.1"

"isexe@^1.1.1":
  "version" "1.1.2"

"isstream@~0.1.2":
  "version" "0.1.2"

"jju@^1.1.0":
  "version" "1.3.0"

"jodid25519@^1.0.0":
  "version" "1.0.2"
  dependencies:
    "jsbn" "~0.1.0"

"js-tokens@^3.0.0 || ^4.0.0":
  "integrity" "sha512-RdJUflcE3cUzKiMqQgsCu06FPu9UdIJO0beYbPhHN4k6apgJtifcoCtT9bcxOpYBtpD2kCM6Sbzg4CausW/PKQ=="
  "resolved" "https://registry.npmjs.org/js-tokens/-/js-tokens-4.0.0.tgz"
  "version" "4.0.0"

"jsbn@~0.1.0":
  "version" "0.1.0"

"json-parse-helpfulerror@^1.0.2":
  "version" "1.0.3"
  dependencies:
    "jju" "^1.1.0"

"json-schema@0.2.2":
  "version" "0.2.2"

"json-stringify-safe@~5.0.1":
  "version" "5.0.1"

"jsonpointer@2.0.0":
  "version" "2.0.0"

"jsprim@^1.2.2":
  "version" "1.3.0"
  dependencies:
    "extsprintf" "1.0.2"
    "json-schema" "0.2.2"
    "verror" "1.3.6"

"latest@^0.2.0":
  "integrity" "sha512-nsIM/FjwLcsKZ1KDAw5CivnM26zzMs3zGBL4SdjYXHI5tMcOWjGhFDMBKIum4WNAkZmeVw7zU1jR2H2UiKoQVA=="
  "resolved" "https://registry.npmjs.org/latest/-/latest-0.2.0.tgz"
  "version" "0.2.0"
  dependencies:
    "npm" "^2.5.1"

"lockfile@~1.0.1":
  "version" "1.0.1"

"lodash._baseslice@~4.0.0":
  "version" "4.0.0"

"lodash._basetostring@~4.12.0":
  "version" "4.12.0"

"lodash.pad@^4.1.0":
  "version" "4.4.0"
  dependencies:
    "lodash._baseslice" "~4.0.0"
    "lodash._basetostring" "~4.12.0"
    "lodash.tostring" "^4.0.0"

"lodash.padend@^4.1.0":
  "version" "4.5.0"
  dependencies:
    "lodash._baseslice" "~4.0.0"
    "lodash._basetostring" "~4.12.0"
    "lodash.tostring" "^4.0.0"

"lodash.padstart@^4.1.0":
  "version" "4.5.0"
  dependencies:
    "lodash._baseslice" "~4.0.0"
    "lodash._basetostring" "~4.12.0"
    "lodash.tostring" "^4.0.0"

"lodash.tostring@^4.0.0":
  "version" "4.1.4"

"loose-envify@^1.1.0":
  "integrity" "sha512-lyuxPGr/Wfhrlem2CL/UcnUc1zcqKAImBDzukY7Y5F/yQiNdko6+fRLevlw1HgMySw7f611UIY408EtxRSoK3Q=="
  "resolved" "https://registry.npmjs.org/loose-envify/-/loose-envify-1.4.0.tgz"
  "version" "1.4.0"
  dependencies:
    "js-tokens" "^3.0.0 || ^4.0.0"

"lru-cache@~4.0.1":
  "version" "4.0.1"
  dependencies:
    "pseudomap" "^1.0.1"
    "yallist" "^2.0.0"

"mime-db@~1.23.0":
  "version" "1.23.0"

"mime-db@1.52.0":
  "integrity" "sha512-sPU4uV7dYlvtWJxwwxHD0PuihVNiE7TyAbQ5SWxDCB9mUYvOgroQOwYQQOKPJ8CIbE+1ETVlOoK1UC2nU3gYvg=="
  "resolved" "https://registry.npmjs.org/mime-db/-/mime-db-1.52.0.tgz"
  "version" "1.52.0"

"mime-types@^2.1.10", "mime-types@~2.1.7":
  "version" "2.1.11"
  dependencies:
    "mime-db" "~1.23.0"

"mime-types@^2.1.12":
  "integrity" "sha512-ZDY+bPm5zTTF+YpCrAU9nK0UgICYPT0QtT1NZWFv4s++TNkcgVaT0g6+4R2uI4MjQjzysHB1zxuWL50hzaeXiw=="
  "resolved" "https://registry.npmjs.org/mime-types/-/mime-types-2.1.35.tgz"
  "version" "2.1.35"
  dependencies:
    "mime-db" "1.52.0"

"minimatch@^3.0.0", "minimatch@^3.0.2", "minimatch@~3.0.3", "minimatch@2 || 3":
  "version" "3.0.3"
  dependencies:
    "brace-expansion" "^1.0.0"

"minimist@0.0.8":
  "version" "0.0.8"

"mkdirp@^0.5.0", "mkdirp@>=0.5 0", "mkdirp@~0.5.0", "mkdirp@~0.5.1":
  "version" "0.5.1"
  dependencies:
    "minimist" "0.0.8"

"mute-stream@~0.0.4":
  "version" "0.0.5"

"node-gyp@~3.6.0":
  "version" "3.6.0"
  dependencies:
    "fstream" "^1.0.0"
    "glob" "^7.0.3"
    "graceful-fs" "^4.1.2"
    "minimatch" "^3.0.2"
    "mkdirp" "^0.5.0"
    "nopt" "2 || 3"
    "npmlog" "0 || 1 || 2 || 3 || 4"
    "osenv" "0"
    "request" "2"
    "rimraf" "2"
    "semver" "~5.3.0"
    "tar" "^2.0.0"
    "which" "1"

"node-uuid@~1.4.7":
  "version" "1.4.7"

"nopt@~3.0.6", "nopt@2 || 3":
  "version" "3.0.6"
  dependencies:
    "abbrev" "1"

"normalize-git-url@~3.0.2":
  "version" "3.0.2"

"normalize-package-data@^2.0.0", "normalize-package-data@~1.0.1 || ^2.0.0", "normalize-package-data@~2.3.5":
  "version" "2.3.5"
  dependencies:
    "hosted-git-info" "^2.1.4"
    "is-builtin-module" "^1.0.0"
    "semver" "2 || 3 || 4 || 5"
    "validate-npm-package-license" "^3.0.1"

"npm-cache-filename@~1.0.2":
  "version" "1.0.2"

"npm-install-checks@~1.0.7":
  "version" "1.0.7"
  dependencies:
    "npmlog" "0.1 || 1 || 2"
    "semver" "^2.3.0 || 3.x || 4 || 5"

"npm-package-arg@^3.0.0 || ^4.0.0", "npm-package-arg@^4.0.0", "npm-package-arg@~4.1.0":
  "version" "4.1.0"
  dependencies:
    "hosted-git-info" "^2.1.4"
    "semver" "4 || 5"

"npm-registry-client@~7.2.1":
  "version" "7.2.1"
  dependencies:
    "concat-stream" "^1.5.2"
    "graceful-fs" "^4.1.6"
    "normalize-package-data" "~1.0.1 || ^2.0.0"
    "npm-package-arg" "^3.0.0 || ^4.0.0"
    "once" "^1.3.3"
    "request" "^2.74.0"
    "retry" "^0.10.0"
    "semver" "2 >=2.2.1 || 3.x || 4 || 5"
    "slide" "^1.1.3"
  optionalDependencies:
    "npmlog" "~2.0.0 || ~3.1.0"

"npm-user-validate@~0.1.5":
  "version" "0.1.5"

"npm@^2.5.1":
  "integrity" "sha1-33w+1aJ3w/nUtdgZsFMR0QogCuY="
  "resolved" "https://registry.npmjs.org/npm/-/npm-2.15.12.tgz"
  "version" "2.15.12"
  dependencies:
    "abbrev" "~1.0.9"
    "ansi" "~0.3.1"
    "ansi-regex" "*"
    "ansicolors" "~0.3.2"
    "ansistyles" "~0.1.3"
    "archy" "~1.0.0"
    "async-some" "~1.0.2"
    "block-stream" "0.0.9"
    "char-spinner" "~1.0.1"
    "chmodr" "~1.0.2"
    "chownr" "~1.0.1"
    "cmd-shim" "~2.0.2"
    "columnify" "~1.5.4"
    "config-chain" "~1.1.10"
    "dezalgo" "~1.0.3"
    "editor" "~1.0.0"
    "fs-vacuum" "~1.2.9"
    "fs-write-stream-atomic" "~1.0.8"
    "fstream" "~1.0.10"
    "fstream-npm" "~1.1.1"
    "github-url-from-git" "~1.4.0"
    "github-url-from-username-repo" "~1.0.2"
    "glob" "~7.0.6"
    "graceful-fs" "~4.1.6"
    "hosted-git-info" "~2.1.5"
    "imurmurhash" "*"
    "inflight" "~1.0.4"
    "inherits" "~2.0.3"
    "ini" "~1.3.4"
    "init-package-json" "~1.9.4"
    "lockfile" "~1.0.1"
    "lru-cache" "~4.0.1"
    "minimatch" "~3.0.3"
    "mkdirp" "~0.5.1"
    "node-gyp" "~3.6.0"
    "nopt" "~3.0.6"
    "normalize-git-url" "~3.0.2"
    "normalize-package-data" "~2.3.5"
    "npm-cache-filename" "~1.0.2"
    "npm-install-checks" "~1.0.7"
    "npm-package-arg" "~4.1.0"
    "npm-registry-client" "~7.2.1"
    "npm-user-validate" "~0.1.5"
    "npmlog" "~2.0.4"
    "once" "~1.4.0"
    "opener" "~1.4.1"
    "osenv" "~0.1.3"
    "path-is-inside" "~1.0.0"
    "read" "~1.0.7"
    "read-installed" "~4.0.3"
    "read-package-json" "~2.0.4"
    "readable-stream" "~2.1.5"
    "realize-package-specifier" "~3.0.1"
    "request" "~2.74.0"
    "retry" "~0.10.0"
    "rimraf" "~2.5.4"
    "semver" "~5.1.0"
    "sha" "~2.0.1"
    "slide" "~1.1.6"
    "sorted-object" "~2.0.0"
    "spdx-license-ids" "~1.2.2"
    "strip-ansi" "~3.0.1"
    "tar" "~2.2.1"
    "text-table" "~0.2.0"
    "uid-number" "0.0.6"
    "umask" "~1.1.0"
    "validate-npm-package-license" "~3.0.1"
    "validate-npm-package-name" "~2.2.2"
    "which" "~1.2.11"
    "wrappy" "~1.0.2"
    "write-file-atomic" "~1.1.4"

"npmlog@~2.0.0 || ~3.1.0", "npmlog@~2.0.4", "npmlog@0 || 1 || 2 || 3 || 4", "npmlog@0.1 || 1 || 2":
  "version" "2.0.4"
  dependencies:
    "ansi" "~0.3.1"
    "are-we-there-yet" "~1.1.2"
    "gauge" "~1.2.5"

"oauth-sign@~0.8.1":
  "version" "0.8.2"

"once@^1.3.0", "once@^1.3.3", "once@~1.4.0":
  "version" "1.4.0"
  dependencies:
    "wrappy" "1"

"opener@~1.4.1":
  "version" "1.4.1"

"os-homedir@^1.0.0":
  "version" "1.0.0"

"os-tmpdir@^1.0.0":
  "version" "1.0.1"

"osenv@~0.1.3", "osenv@0":
  "version" "0.1.3"
  dependencies:
    "os-homedir" "^1.0.0"
    "os-tmpdir" "^1.0.0"

"path-is-absolute@^1.0.0":
  "version" "1.0.0"

"path-is-inside@^1.0.1", "path-is-inside@~1.0.0":
  "version" "1.0.1"

"pinkie-promise@^2.0.0":
  "version" "2.0.1"
  dependencies:
    "pinkie" "^2.0.0"

"pinkie@^2.0.0":
  "version" "2.0.4"

"process-nextick-args@~1.0.0":
  "version" "1.0.3"

"process-nextick-args@~1.0.6":
  "version" "1.0.7"

"promzard@^0.3.0":
  "version" "0.3.0"
  dependencies:
    "read" "1"

"proto-list@~1.2.1":
  "version" "1.2.4"

"pseudomap@^1.0.1":
  "version" "1.0.2"

"qs@~6.2.0":
  "version" "6.2.1"

"react-dom@^18.1.0":
  "integrity" "sha512-fU1Txz7Budmvamp7bshe4Zi32d0ll7ect+ccxNu9FlObT605GOEB8BfO4tmRJ39R5Zj831VCpvQ05QPBW5yb+w=="
  "resolved" "https://registry.npmjs.org/react-dom/-/react-dom-18.1.0.tgz"
  "version" "18.1.0"
  dependencies:
    "loose-envify" "^1.1.0"
    "scheduler" "^0.22.0"

"react@^18.1.0":
  "integrity" "sha512-4oL8ivCz5ZEPyclFQXaNksK3adutVS8l2xzZU0cqEFrE9Sb7fC0EFK5uEk74wIreL1DERyjvsU915j1pcT2uEQ=="
  "resolved" "https://registry.npmjs.org/react/-/react-18.1.0.tgz"
  "version" "18.1.0"
  dependencies:
    "loose-envify" "^1.1.0"

"read-installed@~4.0.3":
  "version" "4.0.3"
  dependencies:
    "debuglog" "^1.0.1"
    "read-package-json" "^2.0.0"
    "readdir-scoped-modules" "^1.0.0"
    "semver" "2 || 3 || 4 || 5"
    "slide" "~1.1.3"
    "util-extend" "^1.0.1"
  optionalDependencies:
    "graceful-fs" "^4.1.2"

"read-package-json@^2.0.0", "read-package-json@~2.0.4", "read-package-json@1 || 2":
  "version" "2.0.4"
  dependencies:
    "glob" "^6.0.0"
    "json-parse-helpfulerror" "^1.0.2"
    "normalize-package-data" "^2.0.0"
  optionalDependencies:
    "graceful-fs" "^4.1.2"

"read@~1.0.1", "read@~1.0.7", "read@1":
  "version" "1.0.7"
  dependencies:
    "mute-stream" "~0.0.4"

"readable-stream@^2.0.0 || ^1.1.13", "readable-stream@~2.1.5", "readable-stream@1 || 2":
  "version" "2.1.5"
  dependencies:
    "buffer-shims" "^1.0.0"
    "core-util-is" "~1.0.0"
    "inherits" "~2.0.1"
    "isarray" "~1.0.0"
    "process-nextick-args" "~1.0.6"
    "string_decoder" "~0.10.x"
    "util-deprecate" "~1.0.1"

"readable-stream@^2.0.2":
  "version" "2.0.2"
  dependencies:
    "core-util-is" "~1.0.0"
    "inherits" "~2.0.1"
    "isarray" "0.0.1"
    "process-nextick-args" "~1.0.0"
    "string_decoder" "~0.10.x"
    "util-deprecate" "~1.0.1"

"readable-stream@~2.0.0":
  "version" "2.0.6"
  dependencies:
    "core-util-is" "~1.0.0"
    "inherits" "~2.0.1"
    "isarray" "~1.0.0"
    "process-nextick-args" "~1.0.6"
    "string_decoder" "~0.10.x"
    "util-deprecate" "~1.0.1"

"readable-stream@~2.0.5":
  "version" "2.0.6"
  dependencies:
    "core-util-is" "~1.0.0"
    "inherits" "~2.0.1"
    "isarray" "~1.0.0"
    "process-nextick-args" "~1.0.6"
    "string_decoder" "~0.10.x"
    "util-deprecate" "~1.0.1"

"readdir-scoped-modules@^1.0.0":
  "version" "1.0.2"
  dependencies:
    "debuglog" "^1.0.1"
    "dezalgo" "^1.0.0"
    "graceful-fs" "^4.1.2"
    "once" "^1.3.0"

"realize-package-specifier@~3.0.1":
  "version" "3.0.1"
  dependencies:
    "dezalgo" "^1.0.1"
    "npm-package-arg" "^4.0.0"

"request@^2.74.0", "request@~2.74.0", "request@2":
  "version" "2.74.0"
  dependencies:
    "aws-sign2" "~0.6.0"
    "aws4" "^1.2.1"
    "bl" "~1.1.2"
    "caseless" "~0.11.0"
    "combined-stream" "~1.0.5"
    "extend" "~3.0.0"
    "forever-agent" "~0.6.1"
    "form-data" "~1.0.0-rc4"
    "har-validator" "~2.0.6"
    "hawk" "~3.1.3"
    "http-signature" "~1.1.0"
    "is-typedarray" "~1.0.0"
    "isstream" "~0.1.2"
    "json-stringify-safe" "~5.0.1"
    "mime-types" "~2.1.7"
    "node-uuid" "~1.4.7"
    "oauth-sign" "~0.8.1"
    "qs" "~6.2.0"
    "stringstream" "~0.0.4"
    "tough-cookie" "~2.3.0"
    "tunnel-agent" "~0.4.1"

"retry@^0.10.0":
  "version" "0.10.0"

"retry@~0.10.0":
  "version" "0.10.0"

"rimraf@^2.5.2", "rimraf@~2.5.4", "rimraf@2":
  "version" "2.5.4"
  dependencies:
    "glob" "^7.0.5"

"scheduler@^0.22.0":
  "integrity" "sha512-6QAm1BgQI88NPYymgGQLCZgvep4FyePDWFpXVK+zNSUgHwlqpJy8VEh8Et0KxTACS4VWwMousBElAZOH9nkkoQ=="
  "resolved" "https://registry.npmjs.org/scheduler/-/scheduler-0.22.0.tgz"
  "version" "0.22.0"
  dependencies:
    "loose-envify" "^1.1.0"

"semver@^2.3.0 || 3.x || 4 || 5", "semver@~5.1.0", "semver@2 >=2.2.1 || 3.x || 4 || 5", "semver@2 || 3 || 4 || 5", "semver@2.x || 3.x || 4 || 5", "semver@4 || 5":
  "version" "5.1.0"

"semver@~5.3.0":
  "version" "5.3.0"

"sha@~2.0.1":
  "version" "2.0.1"
  dependencies:
    "graceful-fs" "^4.1.2"
    "readable-stream" "^2.0.2"

"slide@^1.1.3", "slide@^1.1.5", "slide@~1.1.3", "slide@~1.1.6":
  "version" "1.1.6"

"sntp@1.x.x":
  "version" "1.0.9"
  dependencies:
    "hoek" "2.x.x"

"sorted-object@~2.0.0":
  "version" "2.0.0"

"spdx-correct@~1.0.0":
  "version" "1.0.2"
  dependencies:
    "spdx-license-ids" "^1.0.2"

"spdx-exceptions@^1.0.4":
  "version" "1.0.4"

"spdx-expression-parse@~1.0.0":
  "version" "1.0.2"
  dependencies:
    "spdx-exceptions" "^1.0.4"
    "spdx-license-ids" "^1.0.0"

"spdx-license-ids@^1.0.0", "spdx-license-ids@^1.0.2", "spdx-license-ids@~1.2.2":
  "version" "1.2.2"

"sshpk@^1.7.0":
  "version" "1.9.2"
  dependencies:
    "asn1" "~0.2.3"
    "assert-plus" "^1.0.0"
    "dashdash" "^1.12.0"
    "getpass" "^0.1.1"
  optionalDependencies:
    "ecc-jsbn" "~0.1.1"
    "jodid25519" "^1.0.0"
    "jsbn" "~0.1.0"
    "tweetnacl" "~0.13.0"

"string_decoder@~0.10.x":
  "version" "0.10.31"

"stringstream@~0.0.4":
  "version" "0.0.5"

"strip-ansi@^3.0.0", "strip-ansi@~3.0.1":
  "version" "3.0.1"
  dependencies:
    "ansi-regex" "^2.0.0"

"supports-color@^2.0.0":
  "version" "2.0.0"

"tar@^2.0.0", "tar@~2.2.1":
  "version" "2.2.1"
  dependencies:
    "block-stream" "*"
    "fstream" "^1.0.2"
    "inherits" "2"

"text-table@~0.2.0":
  "version" "0.2.0"

"tough-cookie@~2.3.0":
  "version" "2.3.1"

"tunnel-agent@~0.4.1":
  "version" "0.4.3"

"tweetnacl@~0.13.0":
  "version" "0.13.3"

"typedarray@~0.0.5":
  "version" "0.0.6"

"uid-number@0.0.6":
  "version" "0.0.6"

"umask@~1.1.0":
  "version" "1.1.0"

"util-deprecate@~1.0.1":
  "version" "1.0.2"

"util-extend@^1.0.1":
  "version" "1.0.1"

"validate-npm-package-license@^3.0.1", "validate-npm-package-license@~3.0.1":
  "version" "3.0.1"
  dependencies:
    "spdx-correct" "~1.0.0"
    "spdx-expression-parse" "~1.0.0"

"validate-npm-package-name@^2.0.1", "validate-npm-package-name@~2.2.2":
  "version" "2.2.2"
  dependencies:
    "builtins" "0.0.7"

"verror@1.3.6":
  "version" "1.3.6"
  dependencies:
    "extsprintf" "1.0.2"

"wcwidth@^1.0.0":
  "version" "1.0.0"
  dependencies:
    "defaults" "^1.0.0"

"which@~1.2.11", "which@1":
  "version" "1.2.11"
  dependencies:
    "isexe" "^1.1.1"

"wrappy@~1.0.2", "wrappy@1":
  "version" "1.0.2"

"write-file-atomic@~1.1.4":
  "version" "1.1.4"
  dependencies:
    "graceful-fs" "^4.1.2"
    "imurmurhash" "^0.1.4"
    "slide" "^1.1.5"

"xtend@^4.0.0":
  "version" "4.0.1"

"yallist@^2.0.0":
  "version" "2.0.0"
